
Microsoft Visual Studio Solution File, Format Version 12.00
# Visual Studio Version 16
VisualStudioVersion = 16.0.29911.84
MinimumVisualStudioVersion = 10.0.40219.1
Project("{FAE04EC0-301F-11D3-BF4B-00C04F79EFBC}") = "BookStore.API", "src\BookStore.API\BookStore.API.csproj", "{A929B715-4F30-4045-9375-8FAD827FB3E1}"
EndProject
Project("{FAE04EC0-301F-11D3-BF4B-00C04F79EFBC}") = "BookStore.Domain", "src\BookStore.Domain\BookStore.Domain.csproj", "{84A309D2-F63D-4EF0-8746-C2F648652A00}"
EndProject
Project("{FAE04EC0-301F-11D3-BF4B-00C04F79EFBC}") = "BookStore.Infrastructure", "src\BookStore.Infrastructure\BookStore.Infrastructure.csproj", "{9B3CAEB7-EBE1-45D5-8D42-D81ECF14CC65}"
EndProject
Project("{2150E333-8FDC-42A3-9474-1A3956D46DE8}") = "tests", "tests", "{CFA9E57D-CBB3-488F-A7FB-2CED9D0203A1}"
EndProject
Global
	GlobalSection(SolutionConfigurationPlatforms) = preSolution
		Debug|Any CPU = Debug|Any CPU
		Release|Any CPU = Release|Any CPU
	EndGlobalSection
	GlobalSection(ProjectConfigurationPlatforms) = postSolution
		{A929B715-4F30-4045-9375-8FAD827FB3E1}.Debug|Any CPU.ActiveCfg = Debug|Any CPU
		{A929B715-4F30-4045-9375-8FAD827FB3E1}.Debug|Any CPU.Build.0 = Debug|Any CPU
		{A929B715-4F30-4045-9375-8FAD827FB3E1}.Release|Any CPU.ActiveCfg = Release|Any CPU
		{A929B715-4F30-4045-9375-8FAD827FB3E1}.Release|Any CPU.Build.0 = Release|Any CPU
		{84A309D2-F63D-4EF0-8746-C2F648652A00}.Debug|Any CPU.ActiveCfg = Debug|Any CPU
		{84A309D2-F63D-4EF0-8746-C2F648652A00}.Debug|Any CPU.Build.0 = Debug|Any CPU
		{84A309D2-F63D-4EF0-8746-C2F648652A00}.Release|Any CPU.ActiveCfg = Release|Any CPU
		{84A309D2-F63D-4EF0-8746-C2F648652A00}.Release|Any CPU.Build.0 = Release|Any CPU
		{9B3CAEB7-EBE1-45D5-8D42-D81ECF14CC65}.Debug|Any CPU.ActiveCfg = Debug|Any CPU
		{9B3CAEB7-EBE1-45D5-8D42-D81ECF14CC65}.Debug|Any CPU.Build.0 = Debug|Any CPU
		{9B3CAEB7-EBE1-45D5-8D42-D81ECF14CC65}.Release|Any CPU.ActiveCfg = Release|Any CPU
		{9B3CAEB7-EBE1-45D5-8D42-D81ECF14CC65}.Release|Any CPU.Build.0 = Release|Any CPU
	EndGlobalSection
	GlobalSection(SolutionProperties) = preSolution
		HideSolutionNode = FALSE
	EndGlobalSection
	GlobalSection(ExtensibilityGlobals) = postSolution
		SolutionGuid = {A2BADA72-AE12-438E-B570-E651573BC3B2}
	EndGlobalSection
EndGlobal
